
Microsoft Visual Studio Solution File, Format Version 12.00
# Visual Studio Version 17
VisualStudioVersion = 17.9.34728.123
MinimumVisualStudioVersion = 10.0.40219.1
Project("{FAE04EC0-301F-11D3-BF4B-00C04F79EFBC}") = "P4-Bin Packing Problem using Hill Climbing", "P4-Bin Packing Problem using Hill Climbing\P4-Bin Packing Problem using Hill Climbing.csproj", "{FDD548E5-BF0D-4767-8B53-89C2333E70FA}"
EndProject
Project("{2150E333-8FDC-42A3-9474-1A3956D46DE8}") = "Solution Items", "Solution Items", "{6F9DBF57-65DE-43CF-9392-C9E18DB91BD7}"
	ProjectSection(SolutionItems) = preProject
		.editorconfig = .editorconfig
	EndProjectSection
EndProject
Global
	GlobalSection(SolutionConfigurationPlatforms) = preSolution
		Debug|Any CPU = Debug|Any CPU
		Release|Any CPU = Release|Any CPU
	EndGlobalSection
	GlobalSection(ProjectConfigurationPlatforms) = postSolution
		{FDD548E5-BF0D-4767-8B53-89C2333E70FA}.Debug|Any CPU.ActiveCfg = Debug|Any CPU
		{FDD548E5-BF0D-4767-8B53-89C2333E70FA}.Debug|Any CPU.Build.0 = Debug|Any CPU
		{FDD548E5-BF0D-4767-8B53-89C2333E70FA}.Release|Any CPU.ActiveCfg = Release|Any CPU
		{FDD548E5-BF0D-4767-8B53-89C2333E70FA}.Release|Any CPU.Build.0 = Release|Any CPU
	EndGlobalSection
	GlobalSection(SolutionProperties) = preSolution
		HideSolutionNode = FALSE
	EndGlobalSection
	GlobalSection(ExtensibilityGlobals) = postSolution
		SolutionGuid = {6A33CF39-AB8E-4DEA-A653-276F456DF360}
	EndGlobalSection
EndGlobal
